
Microsoft Visual Studio Solution File, Format Version 12.00
# Visual Studio Version 17
VisualStudioVersion = 17.5.002.0
MinimumVisualStudioVersion = 10.0.40219.1
Project("{9A19103F-16F7-4668-BE54-9A1E7A4F7556}") = "Qmate", "Qmate.csproj", "{FAADDCFA-F730-4998-BABB-80C5DFD4E93E}"
EndProject
Global
	GlobalSection(SolutionConfigurationPlatforms) = preSolution
		Debug|Any CPU = Debug|Any CPU
		Release|Any CPU = Release|Any CPU
	EndGlobalSection
	GlobalSection(ProjectConfigurationPlatforms) = postSolution
		{FAADDCFA-F730-4998-BABB-80C5DFD4E93E}.Debug|Any CPU.ActiveCfg = Debug|Any CPU
		{FAADDCFA-F730-4998-BABB-80C5DFD4E93E}.Debug|Any CPU.Build.0 = Debug|Any CPU
		{FAADDCFA-F730-4998-BABB-80C5DFD4E93E}.Release|Any CPU.ActiveCfg = Release|Any CPU
		{FAADDCFA-F730-4998-BABB-80C5DFD4E93E}.Release|Any CPU.Build.0 = Release|Any CPU
	EndGlobalSection
	GlobalSection(SolutionProperties) = preSolution
		HideSolutionNode = FALSE
	EndGlobalSection
	GlobalSection(ExtensibilityGlobals) = postSolution
		SolutionGuid = {676E65B1-820E-47EB-A502-EFF5D4521248}
	EndGlobalSection
EndGlobal
